
Microsoft Visual Studio Solution File, Format Version 12.00
# Visual Studio 15
Project("{FAE04EC0-301F-11D3-BF4B-00C04F79EFBC}") = "Laboratorio-04", "Laboratorio-04\Laboratorio-04.csproj", "{2BA213AF-8FD2-4A44-AFE5-B6650BF2A0AA}"
EndProject
Global
	GlobalSection(SolutionConfigurationPlatforms) = preSolution
		Debug|anycpu = Debug|anycpu
		Release|anycpu = Release|anycpu
	EndGlobalSection
	GlobalSection(ProjectConfigurationPlatforms) = postSolution
		{2BA213AF-8FD2-4A44-AFE5-B6650BF2A0AA}.Debug|anycpu.ActiveCfg = Debug|anycpu
		{2BA213AF-8FD2-4A44-AFE5-B6650BF2A0AA}.Debug|anycpu.Build.0 = Debug|anycpu
		{2BA213AF-8FD2-4A44-AFE5-B6650BF2A0AA}.Release|anycpu.ActiveCfg = Release|anycpu
		{2BA213AF-8FD2-4A44-AFE5-B6650BF2A0AA}.Release|anycpu.Build.0 = Release|anycpu
	EndGlobalSection
EndGlobal
